
Microsoft Visual Studio Solution File, Format Version 12.00
# Visual Studio Version 17
VisualStudioVersion = 17.11.35222.181
MinimumVisualStudioVersion = 10.0.40219.1
Project("{FAE04EC0-301F-11D3-BF4B-00C04F79EFBC}") = "RMS.API", "RMS.API\RMS.API.csproj", "{1120FC37-283D-47D1-ADFD-E5EDFB9B77FB}"
EndProject
Project("{FAE04EC0-301F-11D3-BF4B-00C04F79EFBC}") = "RMS.Application", "RMS.Application\RMS.Application.csproj", "{F1D456AA-47F0-4B11-BDAD-CB610B94AB6C}"
EndProject
Project("{FAE04EC0-301F-11D3-BF4B-00C04F79EFBC}") = "RMS.Domain", "RMS.Domain\RMS.Domain.csproj", "{0F358BF8-F325-47E3-8415-7B9E6EE5D9EC}"
EndProject
Project("{FAE04EC0-301F-11D3-BF4B-00C04F79EFBC}") = "RMS.Infrastructure", "RMS.Infrastructure\RMS.Infrastructure.csproj", "{3E1B2CF0-E8C3-4477-A879-8A8C2DD001AE}"
EndProject
Global
	GlobalSection(SolutionConfigurationPlatforms) = preSolution
		Debug|Any CPU = Debug|Any CPU
		Release|Any CPU = Release|Any CPU
	EndGlobalSection
	GlobalSection(ProjectConfigurationPlatforms) = postSolution
		{1120FC37-283D-47D1-ADFD-E5EDFB9B77FB}.Debug|Any CPU.ActiveCfg = Debug|Any CPU
		{1120FC37-283D-47D1-ADFD-E5EDFB9B77FB}.Debug|Any CPU.Build.0 = Debug|Any CPU
		{1120FC37-283D-47D1-ADFD-E5EDFB9B77FB}.Release|Any CPU.ActiveCfg = Release|Any CPU
		{1120FC37-283D-47D1-ADFD-E5EDFB9B77FB}.Release|Any CPU.Build.0 = Release|Any CPU
		{F1D456AA-47F0-4B11-BDAD-CB610B94AB6C}.Debug|Any CPU.ActiveCfg = Debug|Any CPU
		{F1D456AA-47F0-4B11-BDAD-CB610B94AB6C}.Debug|Any CPU.Build.0 = Debug|Any CPU
		{F1D456AA-47F0-4B11-BDAD-CB610B94AB6C}.Release|Any CPU.ActiveCfg = Release|Any CPU
		{F1D456AA-47F0-4B11-BDAD-CB610B94AB6C}.Release|Any CPU.Build.0 = Release|Any CPU
		{0F358BF8-F325-47E3-8415-7B9E6EE5D9EC}.Debug|Any CPU.ActiveCfg = Debug|Any CPU
		{0F358BF8-F325-47E3-8415-7B9E6EE5D9EC}.Debug|Any CPU.Build.0 = Debug|Any CPU
		{0F358BF8-F325-47E3-8415-7B9E6EE5D9EC}.Release|Any CPU.ActiveCfg = Release|Any CPU
		{0F358BF8-F325-47E3-8415-7B9E6EE5D9EC}.Release|Any CPU.Build.0 = Release|Any CPU
		{3E1B2CF0-E8C3-4477-A879-8A8C2DD001AE}.Debug|Any CPU.ActiveCfg = Debug|Any CPU
		{3E1B2CF0-E8C3-4477-A879-8A8C2DD001AE}.Debug|Any CPU.Build.0 = Debug|Any CPU
		{3E1B2CF0-E8C3-4477-A879-8A8C2DD001AE}.Release|Any CPU.ActiveCfg = Release|Any CPU
		{3E1B2CF0-E8C3-4477-A879-8A8C2DD001AE}.Release|Any CPU.Build.0 = Release|Any CPU
	EndGlobalSection
	GlobalSection(SolutionProperties) = preSolution
		HideSolutionNode = FALSE
	EndGlobalSection
	GlobalSection(ExtensibilityGlobals) = postSolution
		SolutionGuid = {373427C8-59A4-45A0-A40E-047F9F5CC0CA}
	EndGlobalSection
EndGlobal
